// !$*UTF8*$!
{
	archiveVersion = 1;
	classes = {
	};
	objectVersion = 51;
	objects = {

/* Begin PBXBuildFile section */
		2E3A665222A68DA8003B8256 /* CCTabBarCollectionViewCell.xib in Resources */ = {isa = PBXBuildFile; fileRef = 2E3A665122A68DA7003B8256 /* CCTabBarCollectionViewCell.xib */; };
		2E84727A22A65068005881F5 /* CCCollectionView.xib in Resources */ = {isa = PBXBuildFile; fileRef = 2E84727622A65067005881F5 /* CCCollectionView.xib */; };
		2E84727B22A65068005881F5 /* CCTableView.xib in Resources */ = {isa = PBXBuildFile; fileRef = 2E84727722A65067005881F5 /* CCTableView.xib */; };
		2E84727C22A65068005881F5 /* CCTabBarCollectionView.xib in Resources */ = {isa = PBXBuildFile; fileRef = 2E84727822A65067005881F5 /* CCTabBarCollectionView.xib */; };
		2E84727D22A65068005881F5 /* CCView.xib in Resources */ = {isa = PBXBuildFile; fileRef = 2E84727922A65068005881F5 /* CCView.xib */; };
		3D065639C109B20B22895315 /* Pods_CCProjectTemplateTest.framework in Frameworks */ = {isa = PBXBuildFile; fileRef = 2DFF8DF00478E8FEEC931320 /* Pods_CCProjectTemplateTest.framework */; };
		5E039A2D22A7EE440071E68D /* UIImage.swift in Sources */ = {isa = PBXBuildFile; fileRef = 5E039A2C22A7EE440071E68D /* UIImage.swift */; };
		5E0A67D922A6B901000EC53D /* CCView.swift in Sources */ = {isa = PBXBuildFile; fileRef = 5E0A67D822A6B901000EC53D /* CCView.swift */; };
		5E0A67DB22A6B931000EC53D /* CCTabBarCollectionViewCell.swift in Sources */ = {isa = PBXBuildFile; fileRef = 5E0A67DA22A6B931000EC53D /* CCTabBarCollectionViewCell.swift */; };
		5E0A67DD22A6B94E000EC53D /* CCTabBarCollectionView.swift in Sources */ = {isa = PBXBuildFile; fileRef = 5E0A67DC22A6B94E000EC53D /* CCTabBarCollectionView.swift */; };
		5E0A67DF22A6BA4B000EC53D /* String.swift in Sources */ = {isa = PBXBuildFile; fileRef = 5E0A67DE22A6BA4B000EC53D /* String.swift */; };
		5E0A67E122A6BAE4000EC53D /* CCXIBProtocol.swift in Sources */ = {isa = PBXBuildFile; fileRef = 5E0A67E022A6BAE4000EC53D /* CCXIBProtocol.swift */; };
		5E0A67E322A6BB54000EC53D /* CCBannerCollectionView.swift in Sources */ = {isa = PBXBuildFile; fileRef = 5E0A67E222A6BB54000EC53D /* CCBannerCollectionView.swift */; };
		5E0A67E522A6BBB6000EC53D /* CCBannerCollectionView.xib in Resources */ = {isa = PBXBuildFile; fileRef = 5E0A67E422A6BBB6000EC53D /* CCBannerCollectionView.xib */; };
		5E0A67E722A6BC07000EC53D /* CCBannerCollectionViewCell.xib in Resources */ = {isa = PBXBuildFile; fileRef = 5E0A67E622A6BC07000EC53D /* CCBannerCollectionViewCell.xib */; };
		5E0A67E922A6BC26000EC53D /* CCBannerCollectionViewCell.swift in Sources */ = {isa = PBXBuildFile; fileRef = 5E0A67E822A6BC26000EC53D /* CCBannerCollectionViewCell.swift */; };
		5E3FEBF522A5741F0034EF54 /* CCTabBarCollectionViewController.swift in Sources */ = {isa = PBXBuildFile; fileRef = 5E3FEBF422A5741F0034EF54 /* CCTabBarCollectionViewController.swift */; };
		5E3FEBF722A575F50034EF54 /* CCCollectionView.swift in Sources */ = {isa = PBXBuildFile; fileRef = 5E3FEBF622A575F50034EF54 /* CCCollectionView.swift */; };
		5E3FEBF922A576050034EF54 /* CCTableView.swift in Sources */ = {isa = PBXBuildFile; fileRef = 5E3FEBF822A576050034EF54 /* CCTableView.swift */; };
		5E9F031422A4125F00E23597 /* AppDelegate.swift in Sources */ = {isa = PBXBuildFile; fileRef = 5E9F031322A4125F00E23597 /* AppDelegate.swift */; };
		5E9F031622A4125F00E23597 /* ViewController.swift in Sources */ = {isa = PBXBuildFile; fileRef = 5E9F031522A4125F00E23597 /* ViewController.swift */; };
		5E9F031922A4125F00E23597 /* Main.storyboard in Resources */ = {isa = PBXBuildFile; fileRef = 5E9F031722A4125F00E23597 /* Main.storyboard */; };
		5E9F031B22A4126000E23597 /* Assets.xcassets in Resources */ = {isa = PBXBuildFile; fileRef = 5E9F031A22A4126000E23597 /* Assets.xcassets */; };
		5E9F031E22A4126000E23597 /* LaunchScreen.storyboard in Resources */ = {isa = PBXBuildFile; fileRef = 5E9F031C22A4126000E23597 /* LaunchScreen.storyboard */; };
		5E9F03A222A421B700E23597 /* CC.storyboard in Resources */ = {isa = PBXBuildFile; fileRef = 5E9F037A22A421B700E23597 /* CC.storyboard */; };
		5E9F03A322A421B700E23597 /* CCCollectionViewHeaderFooterView.xib in Resources */ = {isa = PBXBuildFile; fileRef = 5E9F037B22A421B700E23597 /* CCCollectionViewHeaderFooterView.xib */; };
		5E9F03A422A421B700E23597 /* CCTableViewHeaderFooterView.xib in Resources */ = {isa = PBXBuildFile; fileRef = 5E9F037C22A421B700E23597 /* CCTableViewHeaderFooterView.xib */; };
		5E9F03A522A421B700E23597 /* CCTableViewEmptyCell.xib in Resources */ = {isa = PBXBuildFile; fileRef = 5E9F037D22A421B700E23597 /* CCTableViewEmptyCell.xib */; };
		5E9F03A622A421B700E23597 /* CCCollectionViewEmptyCell.xib in Resources */ = {isa = PBXBuildFile; fileRef = 5E9F037E22A421B700E23597 /* CCCollectionViewEmptyCell.xib */; };
		5E9F03A722A421B700E23597 /* CC.xcassets in Resources */ = {isa = PBXBuildFile; fileRef = 5E9F037F22A421B700E23597 /* CC.xcassets */; };
		5E9F03A822A421B700E23597 /* Date.swift in Sources */ = {isa = PBXBuildFile; fileRef = 5E9F038222A421B700E23597 /* Date.swift */; };
		5E9F03A922A421B700E23597 /* UIView.swift in Sources */ = {isa = PBXBuildFile; fileRef = 5E9F038322A421B700E23597 /* UIView.swift */; };
		5E9F03AA22A421B700E23597 /* JSONValue.swift in Sources */ = {isa = PBXBuildFile; fileRef = 5E9F038422A421B700E23597 /* JSONValue.swift */; };
		5E9F03AB22A421B700E23597 /* Array.swift in Sources */ = {isa = PBXBuildFile; fileRef = 5E9F038522A421B700E23597 /* Array.swift */; };
		5E9F03AC22A421B700E23597 /* NSObjectProtocol.swift in Sources */ = {isa = PBXBuildFile; fileRef = 5E9F038622A421B700E23597 /* NSObjectProtocol.swift */; };
		5E9F03AD22A421B700E23597 /* FileManager.swift in Sources */ = {isa = PBXBuildFile; fileRef = 5E9F038722A421B700E23597 /* FileManager.swift */; };
		5E9F03AE22A421B700E23597 /* Timer.swift in Sources */ = {isa = PBXBuildFile; fileRef = 5E9F038822A421B700E23597 /* Timer.swift */; };
		5E9F03AF22A421B700E23597 /* Int.swift in Sources */ = {isa = PBXBuildFile; fileRef = 5E9F038922A421B700E23597 /* Int.swift */; };
		5E9F03B022A421B700E23597 /* UIViewController.swift in Sources */ = {isa = PBXBuildFile; fileRef = 5E9F038A22A421B700E23597 /* UIViewController.swift */; };
		5E9F03B122A421B700E23597 /* CCPlayerLayerView.swift in Sources */ = {isa = PBXBuildFile; fileRef = 5E9F038C22A421B700E23597 /* CCPlayerLayerView.swift */; };
		5E9F03B222A421B700E23597 /* CCTableViewCell.swift in Sources */ = {isa = PBXBuildFile; fileRef = 5E9F038D22A421B700E23597 /* CCTableViewCell.swift */; };
		5E9F03B322A421B700E23597 /* CCAlertAnimateType.swift in Sources */ = {isa = PBXBuildFile; fileRef = 5E9F038E22A421B700E23597 /* CCAlertAnimateType.swift */; };
		5E9F03B422A421B700E23597 /* CCCollectionViewWaterfallsFlowLayout.swift in Sources */ = {isa = PBXBuildFile; fileRef = 5E9F038F22A421B700E23597 /* CCCollectionViewWaterfallsFlowLayout.swift */; };
		5E9F03B522A421B700E23597 /* CCWebJSViewController.swift in Sources */ = {isa = PBXBuildFile; fileRef = 5E9F039022A421B700E23597 /* CCWebJSViewController.swift */; };
		5E9F03B622A421B700E23597 /* CCStoryboardProtocol.swift in Sources */ = {isa = PBXBuildFile; fileRef = 5E9F039122A421B700E23597 /* CCStoryboardProtocol.swift */; };
		5E9F03B722A421B700E23597 /* CCPlayerView.swift in Sources */ = {isa = PBXBuildFile; fileRef = 5E9F039222A421B700E23597 /* CCPlayerView.swift */; };
		5E9F03B822A421B700E23597 /* CCAlertViewController.swift in Sources */ = {isa = PBXBuildFile; fileRef = 5E9F039322A421B700E23597 /* CCAlertViewController.swift */; };
		5E9F03B922A421B700E23597 /* CCViewController.swift in Sources */ = {isa = PBXBuildFile; fileRef = 5E9F039422A421B700E23597 /* CCViewController.swift */; };
		5E9F03BA22A421B700E23597 /* CCTableViewHeaderFooterView.swift in Sources */ = {isa = PBXBuildFile; fileRef = 5E9F039522A421B700E23597 /* CCTableViewHeaderFooterView.swift */; };
		5E9F03BB22A421B700E23597 /* CCPlayerViewController.swift in Sources */ = {isa = PBXBuildFile; fileRef = 5E9F039622A421B700E23597 /* CCPlayerViewController.swift */; };
		5E9F03BC22A421B700E23597 /* CCScriptMessagetHandler.swift in Sources */ = {isa = PBXBuildFile; fileRef = 5E9F039722A421B700E23597 /* CCScriptMessagetHandler.swift */; };
		5E9F03BD22A421B700E23597 /* CCCollectionViewWaterfallsFlowLayoutDelegate.swift in Sources */ = {isa = PBXBuildFile; fileRef = 5E9F039822A421B700E23597 /* CCCollectionViewWaterfallsFlowLayoutDelegate.swift */; };
		5E9F03BE22A421B700E23597 /* CCCollectionViewCell.swift in Sources */ = {isa = PBXBuildFile; fileRef = 5E9F039922A421B700E23597 /* CCCollectionViewCell.swift */; };
		5E9F03BF22A421B700E23597 /* CCWebViewController.swift in Sources */ = {isa = PBXBuildFile; fileRef = 5E9F039A22A421B700E23597 /* CCWebViewController.swift */; };
		5E9F03C022A421B700E23597 /* CCTableViewController.swift in Sources */ = {isa = PBXBuildFile; fileRef = 5E9F039B22A421B700E23597 /* CCTableViewController.swift */; };
		5E9F03C122A421B700E23597 /* CCPlayerViewProtocol.swift in Sources */ = {isa = PBXBuildFile; fileRef = 5E9F039C22A421B700E23597 /* CCPlayerViewProtocol.swift */; };
		5E9F03C222A421B700E23597 /* CCTabBarController.swift in Sources */ = {isa = PBXBuildFile; fileRef = 5E9F039D22A421B700E23597 /* CCTabBarController.swift */; };
		5E9F03C322A421B700E23597 /* CCNavigationController.swift in Sources */ = {isa = PBXBuildFile; fileRef = 5E9F039E22A421B700E23597 /* CCNavigationController.swift */; };
		5E9F03C422A421B700E23597 /* CCCollectionViewController.swift in Sources */ = {isa = PBXBuildFile; fileRef = 5E9F039F22A421B700E23597 /* CCCollectionViewController.swift */; };
		5E9F03C522A421B700E23597 /* CCCollectionViewHeaderFooterView.swift in Sources */ = {isa = PBXBuildFile; fileRef = 5E9F03A022A421B700E23597 /* CCCollectionViewHeaderFooterView.swift */; };
		5E9F03C622A421B700E23597 /* CCImagePickerControllerDelegate.swift in Sources */ = {isa = PBXBuildFile; fileRef = 5E9F03A122A421B700E23597 /* CCImagePickerControllerDelegate.swift */; };
		5EB60E2B22A946E2009BCBBF /* CCDataModelProtocol.swift in Sources */ = {isa = PBXBuildFile; fileRef = 5EB60E2A22A946E2009BCBBF /* CCDataModelProtocol.swift */; };
		5EB60E2D22A94757009BCBBF /* CCDataModelKeyProtocol.swift in Sources */ = {isa = PBXBuildFile; fileRef = 5EB60E2C22A94757009BCBBF /* CCDataModelKeyProtocol.swift */; };
/* End PBXBuildFile section */

/* Begin PBXFileReference section */
		2DFF8DF00478E8FEEC931320 /* Pods_CCProjectTemplateTest.framework */ = {isa = PBXFileReference; explicitFileType = wrapper.framework; includeInIndex = 0; path = Pods_CCProjectTemplateTest.framework; sourceTree = BUILT_PRODUCTS_DIR; };
		2E3A665122A68DA7003B8256 /* CCTabBarCollectionViewCell.xib */ = {isa = PBXFileReference; fileEncoding = 4; lastKnownFileType = file.xib; path = CCTabBarCollectionViewCell.xib; sourceTree = "<group>"; };
		2E84727622A65067005881F5 /* CCCollectionView.xib */ = {isa = PBXFileReference; fileEncoding = 4; lastKnownFileType = file.xib; path = CCCollectionView.xib; sourceTree = "<group>"; };
		2E84727722A65067005881F5 /* CCTableView.xib */ = {isa = PBXFileReference; fileEncoding = 4; lastKnownFileType = file.xib; path = CCTableView.xib; sourceTree = "<group>"; };
		2E84727822A65067005881F5 /* CCTabBarCollectionView.xib */ = {isa = PBXFileReference; fileEncoding = 4; lastKnownFileType = file.xib; path = CCTabBarCollectionView.xib; sourceTree = "<group>"; };
		2E84727922A65068005881F5 /* CCView.xib */ = {isa = PBXFileReference; fileEncoding = 4; lastKnownFileType = file.xib; path = CCView.xib; sourceTree = "<group>"; };
		31D88E792085115C72F2695A /* Pods-CCProjectTemplateTest.release.xcconfig */ = {isa = PBXFileReference; includeInIndex = 1; lastKnownFileType = text.xcconfig; name = "Pods-CCProjectTemplateTest.release.xcconfig"; path = "Target Support Files/Pods-CCProjectTemplateTest/Pods-CCProjectTemplateTest.release.xcconfig"; sourceTree = "<group>"; };
		5E039A2C22A7EE440071E68D /* UIImage.swift */ = {isa = PBXFileReference; lastKnownFileType = sourcecode.swift; path = UIImage.swift; sourceTree = "<group>"; };
		5E0A67D822A6B901000EC53D /* CCView.swift */ = {isa = PBXFileReference; lastKnownFileType = sourcecode.swift; path = CCView.swift; sourceTree = "<group>"; };
		5E0A67DA22A6B931000EC53D /* CCTabBarCollectionViewCell.swift */ = {isa = PBXFileReference; lastKnownFileType = sourcecode.swift; path = CCTabBarCollectionViewCell.swift; sourceTree = "<group>"; };
		5E0A67DC22A6B94E000EC53D /* CCTabBarCollectionView.swift */ = {isa = PBXFileReference; lastKnownFileType = sourcecode.swift; path = CCTabBarCollectionView.swift; sourceTree = "<group>"; };
		5E0A67DE22A6BA4B000EC53D /* String.swift */ = {isa = PBXFileReference; lastKnownFileType = sourcecode.swift; path = String.swift; sourceTree = "<group>"; };
		5E0A67E022A6BAE4000EC53D /* CCXIBProtocol.swift */ = {isa = PBXFileReference; lastKnownFileType = sourcecode.swift; path = CCXIBProtocol.swift; sourceTree = "<group>"; };
		5E0A67E222A6BB54000EC53D /* CCBannerCollectionView.swift */ = {isa = PBXFileReference; lastKnownFileType = sourcecode.swift; path = CCBannerCollectionView.swift; sourceTree = "<group>"; };
		5E0A67E422A6BBB6000EC53D /* CCBannerCollectionView.xib */ = {isa = PBXFileReference; lastKnownFileType = file.xib; path = CCBannerCollectionView.xib; sourceTree = "<group>"; };
		5E0A67E622A6BC07000EC53D /* CCBannerCollectionViewCell.xib */ = {isa = PBXFileReference; lastKnownFileType = file.xib; path = CCBannerCollectionViewCell.xib; sourceTree = "<group>"; };
		5E0A67E822A6BC26000EC53D /* CCBannerCollectionViewCell.swift */ = {isa = PBXFileReference; lastKnownFileType = sourcecode.swift; path = CCBannerCollectionViewCell.swift; sourceTree = "<group>"; };
		5E3FEBF422A5741F0034EF54 /* CCTabBarCollectionViewController.swift */ = {isa = PBXFileReference; lastKnownFileType = sourcecode.swift; path = CCTabBarCollectionViewController.swift; sourceTree = "<group>"; };
		5E3FEBF622A575F50034EF54 /* CCCollectionView.swift */ = {isa = PBXFileReference; lastKnownFileType = sourcecode.swift; path = CCCollectionView.swift; sourceTree = "<group>"; };
		5E3FEBF822A576050034EF54 /* CCTableView.swift */ = {isa = PBXFileReference; lastKnownFileType = sourcecode.swift; path = CCTableView.swift; sourceTree = "<group>"; };
		5E9F031022A4125F00E23597 /* CCProjectTemplateTest.app */ = {isa = PBXFileReference; explicitFileType = wrapper.application; includeInIndex = 0; path = CCProjectTemplateTest.app; sourceTree = BUILT_PRODUCTS_DIR; };
		5E9F031322A4125F00E23597 /* AppDelegate.swift */ = {isa = PBXFileReference; lastKnownFileType = sourcecode.swift; path = AppDelegate.swift; sourceTree = "<group>"; };
		5E9F031522A4125F00E23597 /* ViewController.swift */ = {isa = PBXFileReference; lastKnownFileType = sourcecode.swift; path = ViewController.swift; sourceTree = "<group>"; };
		5E9F031822A4125F00E23597 /* Base */ = {isa = PBXFileReference; lastKnownFileType = file.storyboard; name = Base; path = Base.lproj/Main.storyboard; sourceTree = "<group>"; };
		5E9F031A22A4126000E23597 /* Assets.xcassets */ = {isa = PBXFileReference; lastKnownFileType = folder.assetcatalog; path = Assets.xcassets; sourceTree = "<group>"; };
		5E9F031D22A4126000E23597 /* Base */ = {isa = PBXFileReference; lastKnownFileType = file.storyboard; name = Base; path = Base.lproj/LaunchScreen.storyboard; sourceTree = "<group>"; };
		5E9F031F22A4126000E23597 /* Info.plist */ = {isa = PBXFileReference; lastKnownFileType = text.plist.xml; path = Info.plist; sourceTree = "<group>"; };
		5E9F037A22A421B700E23597 /* CC.storyboard */ = {isa = PBXFileReference; fileEncoding = 4; lastKnownFileType = file.storyboard; path = CC.storyboard; sourceTree = "<group>"; };
		5E9F037B22A421B700E23597 /* CCCollectionViewHeaderFooterView.xib */ = {isa = PBXFileReference; fileEncoding = 4; lastKnownFileType = file.xib; path = CCCollectionViewHeaderFooterView.xib; sourceTree = "<group>"; };
		5E9F037C22A421B700E23597 /* CCTableViewHeaderFooterView.xib */ = {isa = PBXFileReference; fileEncoding = 4; lastKnownFileType = file.xib; path = CCTableViewHeaderFooterView.xib; sourceTree = "<group>"; };
		5E9F037D22A421B700E23597 /* CCTableViewEmptyCell.xib */ = {isa = PBXFileReference; fileEncoding = 4; lastKnownFileType = file.xib; path = CCTableViewEmptyCell.xib; sourceTree = "<group>"; };
		5E9F037E22A421B700E23597 /* CCCollectionViewEmptyCell.xib */ = {isa = PBXFileReference; fileEncoding = 4; lastKnownFileType = file.xib; path = CCCollectionViewEmptyCell.xib; sourceTree = "<group>"; };
		5E9F037F22A421B700E23597 /* CC.xcassets */ = {isa = PBXFileReference; lastKnownFileType = folder.assetcatalog; path = CC.xcassets; sourceTree = "<group>"; };
		5E9F038222A421B700E23597 /* Date.swift */ = {isa = PBXFileReference; fileEncoding = 4; lastKnownFileType = sourcecode.swift; path = Date.swift; sourceTree = "<group>"; };
		5E9F038322A421B700E23597 /* UIView.swift */ = {isa = PBXFileReference; fileEncoding = 4; lastKnownFileType = sourcecode.swift; path = UIView.swift; sourceTree = "<group>"; };
		5E9F038422A421B700E23597 /* JSONValue.swift */ = {isa = PBXFileReference; fileEncoding = 4; lastKnownFileType = sourcecode.swift; path = JSONValue.swift; sourceTree = "<group>"; };
		5E9F038522A421B700E23597 /* Array.swift */ = {isa = PBXFileReference; fileEncoding = 4; lastKnownFileType = sourcecode.swift; path = Array.swift; sourceTree = "<group>"; };
		5E9F038622A421B700E23597 /* NSObjectProtocol.swift */ = {isa = PBXFileReference; fileEncoding = 4; lastKnownFileType = sourcecode.swift; path = NSObjectProtocol.swift; sourceTree = "<group>"; };
		5E9F038722A421B700E23597 /* FileManager.swift */ = {isa = PBXFileReference; fileEncoding = 4; lastKnownFileType = sourcecode.swift; path = FileManager.swift; sourceTree = "<group>"; };
		5E9F038822A421B700E23597 /* Timer.swift */ = {isa = PBXFileReference; fileEncoding = 4; lastKnownFileType = sourcecode.swift; path = Timer.swift; sourceTree = "<group>"; };
		5E9F038922A421B700E23597 /* Int.swift */ = {isa = PBXFileReference; fileEncoding = 4; lastKnownFileType = sourcecode.swift; path = Int.swift; sourceTree = "<group>"; };
		5E9F038A22A421B700E23597 /* UIViewController.swift */ = {isa = PBXFileReference; fileEncoding = 4; lastKnownFileType = sourcecode.swift; path = UIViewController.swift; sourceTree = "<group>"; };
		5E9F038C22A421B700E23597 /* CCPlayerLayerView.swift */ = {isa = PBXFileReference; fileEncoding = 4; lastKnownFileType = sourcecode.swift; path = CCPlayerLayerView.swift; sourceTree = "<group>"; };
		5E9F038D22A421B700E23597 /* CCTableViewCell.swift */ = {isa = PBXFileReference; fileEncoding = 4; lastKnownFileType = sourcecode.swift; path = CCTableViewCell.swift; sourceTree = "<group>"; };
		5E9F038E22A421B700E23597 /* CCAlertAnimateType.swift */ = {isa = PBXFileReference; fileEncoding = 4; lastKnownFileType = sourcecode.swift; path = CCAlertAnimateType.swift; sourceTree = "<group>"; };
		5E9F038F22A421B700E23597 /* CCCollectionViewWaterfallsFlowLayout.swift */ = {isa = PBXFileReference; fileEncoding = 4; lastKnownFileType = sourcecode.swift; path = CCCollectionViewWaterfallsFlowLayout.swift; sourceTree = "<group>"; };
		5E9F039022A421B700E23597 /* CCWebJSViewController.swift */ = {isa = PBXFileReference; fileEncoding = 4; lastKnownFileType = sourcecode.swift; path = CCWebJSViewController.swift; sourceTree = "<group>"; };
		5E9F039122A421B700E23597 /* CCStoryboardProtocol.swift */ = {isa = PBXFileReference; fileEncoding = 4; lastKnownFileType = sourcecode.swift; path = CCStoryboardProtocol.swift; sourceTree = "<group>"; };
		5E9F039222A421B700E23597 /* CCPlayerView.swift */ = {isa = PBXFileReference; fileEncoding = 4; lastKnownFileType = sourcecode.swift; path = CCPlayerView.swift; sourceTree = "<group>"; };
		5E9F039322A421B700E23597 /* CCAlertViewController.swift */ = {isa = PBXFileReference; fileEncoding = 4; lastKnownFileType = sourcecode.swift; path = CCAlertViewController.swift; sourceTree = "<group>"; };
		5E9F039422A421B700E23597 /* CCViewController.swift */ = {isa = PBXFileReference; fileEncoding = 4; lastKnownFileType = sourcecode.swift; path = CCViewController.swift; sourceTree = "<group>"; };
		5E9F039522A421B700E23597 /* CCTableViewHeaderFooterView.swift */ = {isa = PBXFileReference; fileEncoding = 4; lastKnownFileType = sourcecode.swift; path = CCTableViewHeaderFooterView.swift; sourceTree = "<group>"; };
		5E9F039622A421B700E23597 /* CCPlayerViewController.swift */ = {isa = PBXFileReference; fileEncoding = 4; lastKnownFileType = sourcecode.swift; path = CCPlayerViewController.swift; sourceTree = "<group>"; };
		5E9F039722A421B700E23597 /* CCScriptMessagetHandler.swift */ = {isa = PBXFileReference; fileEncoding = 4; lastKnownFileType = sourcecode.swift; path = CCScriptMessagetHandler.swift; sourceTree = "<group>"; };
		5E9F039822A421B700E23597 /* CCCollectionViewWaterfallsFlowLayoutDelegate.swift */ = {isa = PBXFileReference; fileEncoding = 4; lastKnownFileType = sourcecode.swift; path = CCCollectionViewWaterfallsFlowLayoutDelegate.swift; sourceTree = "<group>"; };
		5E9F039922A421B700E23597 /* CCCollectionViewCell.swift */ = {isa = PBXFileReference; fileEncoding = 4; lastKnownFileType = sourcecode.swift; path = CCCollectionViewCell.swift; sourceTree = "<group>"; };
		5E9F039A22A421B700E23597 /* CCWebViewController.swift */ = {isa = PBXFileReference; fileEncoding = 4; lastKnownFileType = sourcecode.swift; path = CCWebViewController.swift; sourceTree = "<group>"; };
		5E9F039B22A421B700E23597 /* CCTableViewController.swift */ = {isa = PBXFileReference; fileEncoding = 4; lastKnownFileType = sourcecode.swift; path = CCTableViewController.swift; sourceTree = "<group>"; };
		5E9F039C22A421B700E23597 /* CCPlayerViewProtocol.swift */ = {isa = PBXFileReference; fileEncoding = 4; lastKnownFileType = sourcecode.swift; path = CCPlayerViewProtocol.swift; sourceTree = "<group>"; };
		5E9F039D22A421B700E23597 /* CCTabBarController.swift */ = {isa = PBXFileReference; fileEncoding = 4; lastKnownFileType = sourcecode.swift; path = CCTabBarController.swift; sourceTree = "<group>"; };
		5E9F039E22A421B700E23597 /* CCNavigationController.swift */ = {isa = PBXFileReference; fileEncoding = 4; lastKnownFileType = sourcecode.swift; path = CCNavigationController.swift; sourceTree = "<group>"; };
		5E9F039F22A421B700E23597 /* CCCollectionViewController.swift */ = {isa = PBXFileReference; fileEncoding = 4; lastKnownFileType = sourcecode.swift; path = CCCollectionViewController.swift; sourceTree = "<group>"; };
		5E9F03A022A421B700E23597 /* CCCollectionViewHeaderFooterView.swift */ = {isa = PBXFileReference; fileEncoding = 4; lastKnownFileType = sourcecode.swift; path = CCCollectionViewHeaderFooterView.swift; sourceTree = "<group>"; };
		5E9F03A122A421B700E23597 /* CCImagePickerControllerDelegate.swift */ = {isa = PBXFileReference; fileEncoding = 4; lastKnownFileType = sourcecode.swift; path = CCImagePickerControllerDelegate.swift; sourceTree = "<group>"; };
		5EB60E2A22A946E2009BCBBF /* CCDataModelProtocol.swift */ = {isa = PBXFileReference; lastKnownFileType = sourcecode.swift; path = CCDataModelProtocol.swift; sourceTree = "<group>"; };
		5EB60E2C22A94757009BCBBF /* CCDataModelKeyProtocol.swift */ = {isa = PBXFileReference; lastKnownFileType = sourcecode.swift; path = CCDataModelKeyProtocol.swift; sourceTree = "<group>"; };
		7C959E4A7F9703614E1E40B3 /* Pods-CCProjectTemplateTest.debug.xcconfig */ = {isa = PBXFileReference; includeInIndex = 1; lastKnownFileType = text.xcconfig; name = "Pods-CCProjectTemplateTest.debug.xcconfig"; path = "Target Support Files/Pods-CCProjectTemplateTest/Pods-CCProjectTemplateTest.debug.xcconfig"; sourceTree = "<group>"; };
/* End PBXFileReference section */

/* Begin PBXFrameworksBuildPhase section */
		5E9F030D22A4125F00E23597 /* Frameworks */ = {
			isa = PBXFrameworksBuildPhase;
			buildActionMask = 2147483647;
			files = (
				3D065639C109B20B22895315 /* Pods_CCProjectTemplateTest.framework in Frameworks */,
			);
			runOnlyForDeploymentPostprocessing = 0;
		};
/* End PBXFrameworksBuildPhase section */

/* Begin PBXGroup section */
		0485C4908887701F04860A50 /* Frameworks */ = {
			isa = PBXGroup;
			children = (
				2DFF8DF00478E8FEEC931320 /* Pods_CCProjectTemplateTest.framework */,
			);
			name = Frameworks;
			sourceTree = "<group>";
		};
		5E9F030722A4125F00E23597 = {
			isa = PBXGroup;
			children = (
				5E9F037922A421B700E23597 /* Resources */,
				5E9F038022A421B700E23597 /* Source */,
				5E9F031222A4125F00E23597 /* CCProjectTemplateTest */,
				5E9F031122A4125F00E23597 /* Products */,
				AA307A90B6AD36270F88D26A /* Pods */,
				0485C4908887701F04860A50 /* Frameworks */,
			);
			sourceTree = "<group>";
		};
		5E9F031122A4125F00E23597 /* Products */ = {
			isa = PBXGroup;
			children = (
				5E9F031022A4125F00E23597 /* CCProjectTemplateTest.app */,
			);
			name = Products;
			sourceTree = "<group>";
		};
		5E9F031222A4125F00E23597 /* CCProjectTemplateTest */ = {
			isa = PBXGroup;
			children = (
				5E9F031322A4125F00E23597 /* AppDelegate.swift */,
				5E9F031522A4125F00E23597 /* ViewController.swift */,
				5E9F031722A4125F00E23597 /* Main.storyboard */,
				5E9F031A22A4126000E23597 /* Assets.xcassets */,
				5E9F031C22A4126000E23597 /* LaunchScreen.storyboard */,
				5E9F031F22A4126000E23597 /* Info.plist */,
			);
			path = CCProjectTemplateTest;
			sourceTree = "<group>";
		};
		5E9F037922A421B700E23597 /* Resources */ = {
			isa = PBXGroup;
			children = (
				5E9F037A22A421B700E23597 /* CC.storyboard */,
				5E9F037B22A421B700E23597 /* CCCollectionViewHeaderFooterView.xib */,
				5E9F037C22A421B700E23597 /* CCTableViewHeaderFooterView.xib */,
				5E9F037D22A421B700E23597 /* CCTableViewEmptyCell.xib */,
				5E9F037E22A421B700E23597 /* CCCollectionViewEmptyCell.xib */,
				2E84727922A65068005881F5 /* CCView.xib */,
				2E84727622A65067005881F5 /* CCCollectionView.xib */,
				2E84727822A65067005881F5 /* CCTabBarCollectionView.xib */,
				2E3A665122A68DA7003B8256 /* CCTabBarCollectionViewCell.xib */,
				2E84727722A65067005881F5 /* CCTableView.xib */,
				5E0A67E422A6BBB6000EC53D /* CCBannerCollectionView.xib */,
				5E0A67E622A6BC07000EC53D /* CCBannerCollectionViewCell.xib */,
				5E9F037F22A421B700E23597 /* CC.xcassets */,
			);
			name = Resources;
			path = ../Resources;
			sourceTree = "<group>";
		};
		5E9F038022A421B700E23597 /* Source */ = {
			isa = PBXGroup;
			children = (
				5E9F038122A421B700E23597 /* Extension */,
				5E9F038B22A421B700E23597 /* CC */,
			);
			name = Source;
			path = ../Source;
			sourceTree = "<group>";
		};
		5E9F038122A421B700E23597 /* Extension */ = {
			isa = PBXGroup;
			children = (
				5E9F038222A421B700E23597 /* Date.swift */,
				5E9F038322A421B700E23597 /* UIView.swift */,
				5E9F038422A421B700E23597 /* JSONValue.swift */,
				5E9F038522A421B700E23597 /* Array.swift */,
				5E9F038622A421B700E23597 /* NSObjectProtocol.swift */,
				5E9F038722A421B700E23597 /* FileManager.swift */,
				5E9F038822A421B700E23597 /* Timer.swift */,
				5E9F038922A421B700E23597 /* Int.swift */,
				5E9F038A22A421B700E23597 /* UIViewController.swift */,
				5E0A67DE22A6BA4B000EC53D /* String.swift */,
				5E039A2C22A7EE440071E68D /* UIImage.swift */,
			);
			path = Extension;
			sourceTree = "<group>";
		};
		5E9F038B22A421B700E23597 /* CC */ = {
			isa = PBXGroup;
			children = (
				5E9F038C22A421B700E23597 /* CCPlayerLayerView.swift */,
				5E9F038D22A421B700E23597 /* CCTableViewCell.swift */,
				5E9F038E22A421B700E23597 /* CCAlertAnimateType.swift */,
				5E9F038F22A421B700E23597 /* CCCollectionViewWaterfallsFlowLayout.swift */,
				5E9F039022A421B700E23597 /* CCWebJSViewController.swift */,
				5E9F039122A421B700E23597 /* CCStoryboardProtocol.swift */,
				5E9F039222A421B700E23597 /* CCPlayerView.swift */,
				5E9F039322A421B700E23597 /* CCAlertViewController.swift */,
				5E9F039422A421B700E23597 /* CCViewController.swift */,
				5E9F039522A421B700E23597 /* CCTableViewHeaderFooterView.swift */,
				5E9F039622A421B700E23597 /* CCPlayerViewController.swift */,
				5E9F039722A421B700E23597 /* CCScriptMessagetHandler.swift */,
				5E9F039822A421B700E23597 /* CCCollectionViewWaterfallsFlowLayoutDelegate.swift */,
				5E9F039922A421B700E23597 /* CCCollectionViewCell.swift */,
				5E9F039A22A421B700E23597 /* CCWebViewController.swift */,
				5E9F039B22A421B700E23597 /* CCTableViewController.swift */,
				5E9F039C22A421B700E23597 /* CCPlayerViewProtocol.swift */,
				5E9F039D22A421B700E23597 /* CCTabBarController.swift */,
				5E9F039E22A421B700E23597 /* CCNavigationController.swift */,
				5E9F039F22A421B700E23597 /* CCCollectionViewController.swift */,
				5E9F03A022A421B700E23597 /* CCCollectionViewHeaderFooterView.swift */,
				5E9F03A122A421B700E23597 /* CCImagePickerControllerDelegate.swift */,
				5E3FEBF422A5741F0034EF54 /* CCTabBarCollectionViewController.swift */,
				5E3FEBF622A575F50034EF54 /* CCCollectionView.swift */,
				5E3FEBF822A576050034EF54 /* CCTableView.swift */,
				5E0A67D822A6B901000EC53D /* CCView.swift */,
				5E0A67DA22A6B931000EC53D /* CCTabBarCollectionViewCell.swift */,
				5E0A67DC22A6B94E000EC53D /* CCTabBarCollectionView.swift */,
				5E0A67E022A6BAE4000EC53D /* CCXIBProtocol.swift */,
				5E0A67E222A6BB54000EC53D /* CCBannerCollectionView.swift */,
				5E0A67E822A6BC26000EC53D /* CCBannerCollectionViewCell.swift */,
				5EB60E2A22A946E2009BCBBF /* CCDataModelProtocol.swift */,
				5EB60E2C22A94757009BCBBF /* CCDataModelKeyProtocol.swift */,
			);
			path = CC;
			sourceTree = "<group>";
		};
		AA307A90B6AD36270F88D26A /* Pods */ = {
			isa = PBXGroup;
			children = (
				7C959E4A7F9703614E1E40B3 /* Pods-CCProjectTemplateTest.debug.xcconfig */,
				31D88E792085115C72F2695A /* Pods-CCProjectTemplateTest.release.xcconfig */,
			);
			path = Pods;
			sourceTree = "<group>";
		};
/* End PBXGroup section */

/* Begin PBXNativeTarget section */
		5E9F030F22A4125F00E23597 /* CCProjectTemplateTest */ = {
			isa = PBXNativeTarget;
			buildConfigurationList = 5E9F032222A4126000E23597 /* Build configuration list for PBXNativeTarget "CCProjectTemplateTest" */;
			buildPhases = (
				15769A7D0B5901938041C99A /* [CP] Check Pods Manifest.lock */,
				5E9F030C22A4125F00E23597 /* Sources */,
				5E9F030D22A4125F00E23597 /* Frameworks */,
				5E9F030E22A4125F00E23597 /* Resources */,
				0ADB9039772601940A38B234 /* [CP] Embed Pods Frameworks */,
			);
			buildRules = (
			);
			dependencies = (
			);
			name = CCProjectTemplateTest;
			productName = CCProjectTemplateTest;
			productReference = 5E9F031022A4125F00E23597 /* CCProjectTemplateTest.app */;
			productType = "com.apple.product-type.application";
		};
/* End PBXNativeTarget section */

/* Begin PBXProject section */
		5E9F030822A4125F00E23597 /* Project object */ = {
			isa = PBXProject;
			attributes = {
				LastSwiftUpdateCheck = 1020;
				LastUpgradeCheck = 1020;
				ORGANIZATIONNAME = "韦烽传";
				TargetAttributes = {
					5E9F030F22A4125F00E23597 = {
						CreatedOnToolsVersion = 10.2.1;
					};
				};
			};
			buildConfigurationList = 5E9F030B22A4125F00E23597 /* Build configuration list for PBXProject "CCProjectTemplateTest" */;
			compatibilityVersion = "Xcode 9.3";
			developmentRegion = en;
			hasScannedForEncodings = 0;
			knownRegions = (
				en,
				Base,
			);
			mainGroup = 5E9F030722A4125F00E23597;
			productRefGroup = 5E9F031122A4125F00E23597 /* Products */;
			projectDirPath = "";
			projectRoot = "";
			targets = (
				5E9F030F22A4125F00E23597 /* CCProjectTemplateTest */,
			);
		};
/* End PBXProject section */

/* Begin PBXResourcesBuildPhase section */
		5E9F030E22A4125F00E23597 /* Resources */ = {
			isa = PBXResourcesBuildPhase;
			buildActionMask = 2147483647;
			files = (
				2E84727A22A65068005881F5 /* CCCollectionView.xib in Resources */,
				5E9F03A722A421B700E23597 /* CC.xcassets in Resources */,
				5E0A67E722A6BC07000EC53D /* CCBannerCollectionViewCell.xib in Resources */,
				5E9F03A422A421B700E23597 /* CCTableViewHeaderFooterView.xib in Resources */,
				5E9F031E22A4126000E23597 /* LaunchScreen.storyboard in Resources */,
				2E3A665222A68DA8003B8256 /* CCTabBarCollectionViewCell.xib in Resources */,
				5E9F03A622A421B700E23597 /* CCCollectionViewEmptyCell.xib in Resources */,
				5E9F03A522A421B700E23597 /* CCTableViewEmptyCell.xib in Resources */,
				5E9F031B22A4126000E23597 /* Assets.xcassets in Resources */,
				2E84727B22A65068005881F5 /* CCTableView.xib in Resources */,
				2E84727D22A65068005881F5 /* CCView.xib in Resources */,
				2E84727C22A65068005881F5 /* CCTabBarCollectionView.xib in Resources */,
				5E9F03A322A421B700E23597 /* CCCollectionViewHeaderFooterView.xib in Resources */,
				5E9F03A222A421B700E23597 /* CC.storyboard in Resources */,
				5E0A67E522A6BBB6000EC53D /* CCBannerCollectionView.xib in Resources */,
				5E9F031922A4125F00E23597 /* Main.storyboard in Resources */,
			);
			runOnlyForDeploymentPostprocessing = 0;
		};
/* End PBXResourcesBuildPhase section */

/* Begin PBXShellScriptBuildPhase section */
		0ADB9039772601940A38B234 /* [CP] Embed Pods Frameworks */ = {
			isa = PBXShellScriptBuildPhase;
			buildActionMask = 2147483647;
			files = (
			);
			inputFileListPaths = (
				"${PODS_ROOT}/Target Support Files/Pods-CCProjectTemplateTest/Pods-CCProjectTemplateTest-frameworks-${CONFIGURATION}-input-files.xcfilelist",
			);
			name = "[CP] Embed Pods Frameworks";
			outputFileListPaths = (
				"${PODS_ROOT}/Target Support Files/Pods-CCProjectTemplateTest/Pods-CCProjectTemplateTest-frameworks-${CONFIGURATION}-output-files.xcfilelist",
			);
			runOnlyForDeploymentPostprocessing = 0;
			shellPath = /bin/sh;
			shellScript = "\"${PODS_ROOT}/Target Support Files/Pods-CCProjectTemplateTest/Pods-CCProjectTemplateTest-frameworks.sh\"\n";
			showEnvVarsInLog = 0;
		};
		15769A7D0B5901938041C99A /* [CP] Check Pods Manifest.lock */ = {
			isa = PBXShellScriptBuildPhase;
			buildActionMask = 2147483647;
			files = (
			);
			inputFileListPaths = (
			);
			inputPaths = (
				"${PODS_PODFILE_DIR_PATH}/Podfile.lock",
				"${PODS_ROOT}/Manifest.lock",
			);
			name = "[CP] Check Pods Manifest.lock";
			outputFileListPaths = (
			);
			outputPaths = (
				"$(DERIVED_FILE_DIR)/Pods-CCProjectTemplateTest-checkManifestLockResult.txt",
			);
			runOnlyForDeploymentPostprocessing = 0;
			shellPath = /bin/sh;
			shellScript = "diff \"${PODS_PODFILE_DIR_PATH}/Podfile.lock\" \"${PODS_ROOT}/Manifest.lock\" > /dev/null\nif [ $? != 0 ] ; then\n    # print error to STDERR\n    echo \"error: The sandbox is not in sync with the Podfile.lock. Run 'pod install' or update your CocoaPods installation.\" >&2\n    exit 1\nfi\n# This output is used by Xcode 'outputs' to avoid re-running this script phase.\necho \"SUCCESS\" > \"${SCRIPT_OUTPUT_FILE_0}\"\n";
			showEnvVarsInLog = 0;
		};
/* End PBXShellScriptBuildPhase section */

/* Begin PBXSourcesBuildPhase section */
		5E9F030C22A4125F00E23597 /* Sources */ = {
			isa = PBXSourcesBuildPhase;
			buildActionMask = 2147483647;
			files = (
				5E9F03BA22A421B700E23597 /* CCTableViewHeaderFooterView.swift in Sources */,
				5E039A2D22A7EE440071E68D /* UIImage.swift in Sources */,
				5E9F03C522A421B700E23597 /* CCCollectionViewHeaderFooterView.swift in Sources */,
				5E0A67D922A6B901000EC53D /* CCView.swift in Sources */,
				5E9F03A922A421B700E23597 /* UIView.swift in Sources */,
				5EB60E2D22A94757009BCBBF /* CCDataModelKeyProtocol.swift in Sources */,
				5E0A67DB22A6B931000EC53D /* CCTabBarCollectionViewCell.swift in Sources */,
				5E9F031622A4125F00E23597 /* ViewController.swift in Sources */,
				5E0A67E922A6BC26000EC53D /* CCBannerCollectionViewCell.swift in Sources */,
				5E3FEBF522A5741F0034EF54 /* CCTabBarCollectionViewController.swift in Sources */,
				5E9F03B422A421B700E23597 /* CCCollectionViewWaterfallsFlowLayout.swift in Sources */,
				5E9F03C022A421B700E23597 /* CCTableViewController.swift in Sources */,
				5E9F03A822A421B700E23597 /* Date.swift in Sources */,
				5E9F03B022A421B700E23597 /* UIViewController.swift in Sources */,
				5E9F03C322A421B700E23597 /* CCNavigationController.swift in Sources */,
				5E0A67E322A6BB54000EC53D /* CCBannerCollectionView.swift in Sources */,
				5E9F03BC22A421B700E23597 /* CCScriptMessagetHandler.swift in Sources */,
				5E9F03C622A421B700E23597 /* CCImagePickerControllerDelegate.swift in Sources */,
				5E9F03B622A421B700E23597 /* CCStoryboardProtocol.swift in Sources */,
				5E9F03B322A421B700E23597 /* CCAlertAnimateType.swift in Sources */,
				5E9F03BE22A421B700E23597 /* CCCollectionViewCell.swift in Sources */,
				5E9F03B722A421B700E23597 /* CCPlayerView.swift in Sources */,
				5E9F03BF22A421B700E23597 /* CCWebViewController.swift in Sources */,
				5EB60E2B22A946E2009BCBBF /* CCDataModelProtocol.swift in Sources */,
				5E9F03B522A421B700E23597 /* CCWebJSViewController.swift in Sources */,
				5E9F03AB22A421B700E23597 /* Array.swift in Sources */,
				5E0A67DD22A6B94E000EC53D /* CCTabBarCollectionView.swift in Sources */,
				5E0A67DF22A6BA4B000EC53D /* String.swift in Sources */,
				5E9F03C222A421B700E23597 /* CCTabBarController.swift in Sources */,
				5E9F03BB22A421B700E23597 /* CCPlayerViewController.swift in Sources */,
				5E3FEBF722A575F50034EF54 /* CCCollectionView.swift in Sources */,
				5E9F03B222A421B700E23597 /* CCTableViewCell.swift in Sources */,
				5E9F03AC22A421B700E23597 /* NSObjectProtocol.swift in Sources */,
				5E9F031422A4125F00E23597 /* AppDelegate.swift in Sources */,
				5E9F03BD22A421B700E23597 /* CCCollectionViewWaterfallsFlowLayoutDelegate.swift in Sources */,
				5E9F03AE22A421B700E23597 /* Timer.swift in Sources */,
				5E9F03C122A421B700E23597 /* CCPlayerViewProtocol.swift in Sources */,
				5E9F03B922A421B700E23597 /* CCViewController.swift in Sources */,
				5E3FEBF922A576050034EF54 /* CCTableView.swift in Sources */,
				5E9F03B822A421B700E23597 /* CCAlertViewController.swift in Sources */,
				5E0A67E122A6BAE4000EC53D /* CCXIBProtocol.swift in Sources */,
				5E9F03AF22A421B700E23597 /* Int.swift in Sources */,
				5E9F03B122A421B700E23597 /* CCPlayerLayerView.swift in Sources */,
				5E9F03C422A421B700E23597 /* CCCollectionViewController.swift in Sources */,
				5E9F03AA22A421B700E23597 /* JSONValue.swift in Sources */,
				5E9F03AD22A421B700E23597 /* FileManager.swift in Sources */,
			);
			runOnlyForDeploymentPostprocessing = 0;
		};
/* End PBXSourcesBuildPhase section */

/* Begin PBXVariantGroup section */
		5E9F031722A4125F00E23597 /* Main.storyboard */ = {
			isa = PBXVariantGroup;
			children = (
				5E9F031822A4125F00E23597 /* Base */,
			);
			name = Main.storyboard;
			sourceTree = "<group>";
		};
		5E9F031C22A4126000E23597 /* LaunchScreen.storyboard */ = {
			isa = PBXVariantGroup;
			children = (
				5E9F031D22A4126000E23597 /* Base */,
			);
			name = LaunchScreen.storyboard;
			sourceTree = "<group>";
		};
/* End PBXVariantGroup section */

/* Begin XCBuildConfiguration section */
		5E9F032022A4126000E23597 /* Debug */ = {
			isa = XCBuildConfiguration;
			buildSettings = {
				ALWAYS_SEARCH_USER_PATHS = NO;
				CLANG_ANALYZER_NONNULL = YES;
				CLANG_ANALYZER_NUMBER_OBJECT_CONVERSION = YES_AGGRESSIVE;
				CLANG_CXX_LANGUAGE_STANDARD = "gnu++14";
				CLANG_CXX_LIBRARY = "libc++";
				CLANG_ENABLE_MODULES = YES;
				CLANG_ENABLE_OBJC_ARC = YES;
				CLANG_ENABLE_OBJC_WEAK = YES;
				CLANG_WARN_BLOCK_CAPTURE_AUTORELEASING = YES;
				CLANG_WARN_BOOL_CONVERSION = YES;
				CLANG_WARN_COMMA = YES;
				CLANG_WARN_CONSTANT_CONVERSION = YES;
				CLANG_WARN_DEPRECATED_OBJC_IMPLEMENTATIONS = YES;
				CLANG_WARN_DIRECT_OBJC_ISA_USAGE = YES_ERROR;
				CLANG_WARN_DOCUMENTATION_COMMENTS = YES;
				CLANG_WARN_EMPTY_BODY = YES;
				CLANG_WARN_ENUM_CONVERSION = YES;
				CLANG_WARN_INFINITE_RECURSION = YES;
				CLANG_WARN_INT_CONVERSION = YES;
				CLANG_WARN_NON_LITERAL_NULL_CONVERSION = YES;
				CLANG_WARN_OBJC_IMPLICIT_RETAIN_SELF = YES;
				CLANG_WARN_OBJC_LITERAL_CONVERSION = YES;
				CLANG_WARN_OBJC_ROOT_CLASS = YES_ERROR;
				CLANG_WARN_RANGE_LOOP_ANALYSIS = YES;
				CLANG_WARN_STRICT_PROTOTYPES = YES;
				CLANG_WARN_SUSPICIOUS_MOVE = YES;
				CLANG_WARN_UNGUARDED_AVAILABILITY = YES_AGGRESSIVE;
				CLANG_WARN_UNREACHABLE_CODE = YES;
				CLANG_WARN__DUPLICATE_METHOD_MATCH = YES;
				CODE_SIGN_IDENTITY = "iPhone Developer";
				COPY_PHASE_STRIP = NO;
				DEBUG_INFORMATION_FORMAT = dwarf;
				ENABLE_STRICT_OBJC_MSGSEND = YES;
				ENABLE_TESTABILITY = YES;
				GCC_C_LANGUAGE_STANDARD = gnu11;
				GCC_DYNAMIC_NO_PIC = NO;
				GCC_NO_COMMON_BLOCKS = YES;
				GCC_OPTIMIZATION_LEVEL = 0;
				GCC_PREPROCESSOR_DEFINITIONS = (
					"DEBUG=1",
					"$(inherited)",
				);
				GCC_WARN_64_TO_32_BIT_CONVERSION = YES;
				GCC_WARN_ABOUT_RETURN_TYPE = YES_ERROR;
				GCC_WARN_UNDECLARED_SELECTOR = YES;
				GCC_WARN_UNINITIALIZED_AUTOS = YES_AGGRESSIVE;
				GCC_WARN_UNUSED_FUNCTION = YES;
				GCC_WARN_UNUSED_VARIABLE = YES;
				IPHONEOS_DEPLOYMENT_TARGET = 12.2;
				MTL_ENABLE_DEBUG_INFO = INCLUDE_SOURCE;
				MTL_FAST_MATH = YES;
				ONLY_ACTIVE_ARCH = YES;
				SDKROOT = iphoneos;
				SWIFT_ACTIVE_COMPILATION_CONDITIONS = DEBUG;
				SWIFT_OPTIMIZATION_LEVEL = "-Onone";
			};
			name = Debug;
		};
		5E9F032122A4126000E23597 /* Release */ = {
			isa = XCBuildConfiguration;
			buildSettings = {
				ALWAYS_SEARCH_USER_PATHS = NO;
				CLANG_ANALYZER_NONNULL = YES;
				CLANG_ANALYZER_NUMBER_OBJECT_CONVERSION = YES_AGGRESSIVE;
				CLANG_CXX_LANGUAGE_STANDARD = "gnu++14";
				CLANG_CXX_LIBRARY = "libc++";
				CLANG_ENABLE_MODULES = YES;
				CLANG_ENABLE_OBJC_ARC = YES;
				CLANG_ENABLE_OBJC_WEAK = YES;
				CLANG_WARN_BLOCK_CAPTURE_AUTORELEASING = YES;
				CLANG_WARN_BOOL_CONVERSION = YES;
				CLANG_WARN_COMMA = YES;
				CLANG_WARN_CONSTANT_CONVERSION = YES;
				CLANG_WARN_DEPRECATED_OBJC_IMPLEMENTATIONS = YES;
				CLANG_WARN_DIRECT_OBJC_ISA_USAGE = YES_ERROR;
				CLANG_WARN_DOCUMENTATION_COMMENTS = YES;
				CLANG_WARN_EMPTY_BODY = YES;
				CLANG_WARN_ENUM_CONVERSION = YES;
				CLANG_WARN_INFINITE_RECURSION = YES;
				CLANG_WARN_INT_CONVERSION = YES;
				CLANG_WARN_NON_LITERAL_NULL_CONVERSION = YES;
				CLANG_WARN_OBJC_IMPLICIT_RETAIN_SELF = YES;
				CLANG_WARN_OBJC_LITERAL_CONVERSION = YES;
				CLANG_WARN_OBJC_ROOT_CLASS = YES_ERROR;
				CLANG_WARN_RANGE_LOOP_ANALYSIS = YES;
				CLANG_WARN_STRICT_PROTOTYPES = YES;
				CLANG_WARN_SUSPICIOUS_MOVE = YES;
				CLANG_WARN_UNGUARDED_AVAILABILITY = YES_AGGRESSIVE;
				CLANG_WARN_UNREACHABLE_CODE = YES;
				CLANG_WARN__DUPLICATE_METHOD_MATCH = YES;
				CODE_SIGN_IDENTITY = "iPhone Developer";
				COPY_PHASE_STRIP = NO;
				DEBUG_INFORMATION_FORMAT = "dwarf-with-dsym";
				ENABLE_NS_ASSERTIONS = NO;
				ENABLE_STRICT_OBJC_MSGSEND = YES;
				GCC_C_LANGUAGE_STANDARD = gnu11;
				GCC_NO_COMMON_BLOCKS = YES;
				GCC_WARN_64_TO_32_BIT_CONVERSION = YES;
				GCC_WARN_ABOUT_RETURN_TYPE = YES_ERROR;
				GCC_WARN_UNDECLARED_SELECTOR = YES;
				GCC_WARN_UNINITIALIZED_AUTOS = YES_AGGRESSIVE;
				GCC_WARN_UNUSED_FUNCTION = YES;
				GCC_WARN_UNUSED_VARIABLE = YES;
				IPHONEOS_DEPLOYMENT_TARGET = 12.2;
				MTL_ENABLE_DEBUG_INFO = NO;
				MTL_FAST_MATH = YES;
				SDKROOT = iphoneos;
				SWIFT_COMPILATION_MODE = wholemodule;
				SWIFT_OPTIMIZATION_LEVEL = "-O";
				VALIDATE_PRODUCT = YES;
			};
			name = Release;
		};
		5E9F032322A4126000E23597 /* Debug */ = {
			isa = XCBuildConfiguration;
			baseConfigurationReference = 7C959E4A7F9703614E1E40B3 /* Pods-CCProjectTemplateTest.debug.xcconfig */;
			buildSettings = {
				ASSETCATALOG_COMPILER_APPICON_NAME = AppIcon;
				CODE_SIGN_STYLE = Automatic;
				DEVELOPMENT_TEAM = RTYRP8E3W2;
				INFOPLIST_FILE = CCProjectTemplateTest/Info.plist;
				LD_RUNPATH_SEARCH_PATHS = (
					"$(inherited)",
					"@executable_path/Frameworks",
				);
				PRODUCT_BUNDLE_IDENTIFIER = "chuancan-icloud.com.CCProjectTemplateTest";
				PRODUCT_NAME = "$(TARGET_NAME)";
				SWIFT_VERSION = 5.0;
				TARGETED_DEVICE_FAMILY = "1,2";
			};
			name = Debug;
		};
		5E9F032422A4126000E23597 /* Release */ = {
			isa = XCBuildConfiguration;
			baseConfigurationReference = 31D88E792085115C72F2695A /* Pods-CCProjectTemplateTest.release.xcconfig */;
			buildSettings = {
				ASSETCATALOG_COMPILER_APPICON_NAME = AppIcon;
				CODE_SIGN_STYLE = Automatic;
				DEVELOPMENT_TEAM = RTYRP8E3W2;
				INFOPLIST_FILE = CCProjectTemplateTest/Info.plist;
				LD_RUNPATH_SEARCH_PATHS = (
					"$(inherited)",
					"@executable_path/Frameworks",
				);
				PRODUCT_BUNDLE_IDENTIFIER = "chuancan-icloud.com.CCProjectTemplateTest";
				PRODUCT_NAME = "$(TARGET_NAME)";
				SWIFT_VERSION = 5.0;
				TARGETED_DEVICE_FAMILY = "1,2";
			};
			name = Release;
		};
/* End XCBuildConfiguration section */

/* Begin XCConfigurationList section */
		5E9F030B22A4125F00E23597 /* Build configuration list for PBXProject "CCProjectTemplateTest" */ = {
			isa = XCConfigurationList;
			buildConfigurations = (
				5E9F032022A4126000E23597 /* Debug */,
				5E9F032122A4126000E23597 /* Release */,
			);
			defaultConfigurationIsVisible = 0;
			defaultConfigurationName = Release;
		};
		5E9F032222A4126000E23597 /* Build configuration list for PBXNativeTarget "CCProjectTemplateTest" */ = {
			isa = XCConfigurationList;
			buildConfigurations = (
				5E9F032322A4126000E23597 /* Debug */,
				5E9F032422A4126000E23597 /* Release */,
			);
			defaultConfigurationIsVisible = 0;
			defaultConfigurationName = Release;
		};
/* End XCConfigurationList section */
	};
	rootObject = 5E9F030822A4125F00E23597 /* Project object */;
}
