{
  "object": {
    "pins": [
      {
        "package": "CryptoSwift",
        "repositoryURL": "https://gitee.com/cchsora/CryptoSwift",
        "state": {
          "branch": null,
          "revision": "5669f222e46c8134fb1f399c745fa6882b43532e",
          "version": "1.3.8"
        }
      },
      {
        "package": "DragLoad",
        "repositoryURL": "https://gitee.com/cchsora/DragLoad",
        "state": {
          "branch": "2.0.0",
          "revision": "579e1dd86e6cec7477dd1136d1162ea54025bb16",
          "version": null
        }
      },
      {
        "package": "JSONValue",
        "repositoryURL": "https://gitee.com/cchsora/JSONValue",
        "state": {
          "branch": "1.0.0",
          "revision": "859d8b5f8b2c429972eb25f815b552127f7a1773",
          "version": null
        }
      },
      {
        "package": "Network",
        "repositoryURL": "https://gitee.com/cchsora/Network",
        "state": {
          "branch": "2.0.0",
          "revision": "0e4cc157c90a1d7f91819c10916e7dc1dcfa2bad",
          "version": null
        }
      },
      {
        "package": "Prompt",
        "repositoryURL": "https://gitee.com/cchsora/Prompt",
        "state": {
          "branch": "2.0.0",
          "revision": "9d710de3fbeee33812f3dda6d673606e8d38c09e",
          "version": null
        }
      }
    ]
  },
  "version": 1
}
